Microsoft Visual Studio Solution File, Format Version 12.00
# Visual Studio Version 17
VisualStudioVersion = 17.5.2.0
MinimumVisualStudioVersion = 10.0.40219.1
Project("{FAE04EC0-301F-11D3-BF4B-00C04F79EFBC}") = "NetCore_Learning", "NetCore_Learning.csproj", "{24D04060-0CC6-3C12-E812-4CE81EFC520D}"
EndProject
Global
	GlobalSection(SolutionConfigurationPlatforms) = preSolution
		Debug|Any CPU = Debug|Any CPU
		Release|Any CPU = Release|Any CPU
	EndGlobalSection
	GlobalSection(ProjectConfigurationPlatforms) = postSolution
		{24D04060-0CC6-3C12-E812-4CE81EFC520D}.Debug|Any CPU.ActiveCfg = Debug|Any CPU
		{24D04060-0CC6-3C12-E812-4CE81EFC520D}.Debug|Any CPU.Build.0 = Debug|Any CPU
		{24D04060-0CC6-3C12-E812-4CE81EFC520D}.Release|Any CPU.ActiveCfg = Release|Any CPU
		{24D04060-0CC6-3C12-E812-4CE81EFC520D}.Release|Any CPU.Build.0 = Release|Any CPU
	EndGlobalSection
	GlobalSection(SolutionProperties) = preSolution
		HideSolutionNode = FALSE
	EndGlobalSection
	GlobalSection(ExtensibilityGlobals) = postSolution
		SolutionGuid = {126B9D8D-6FB7-4FD4-B1FB-D2A598A16DC2}
	EndGlobalSection
EndGlobal
